
Microsoft Visual Studio Solution File, Format Version 12.00
# Visual Studio Version 17
VisualStudioVersion = 17.8.34408.163
MinimumVisualStudioVersion = 10.0.40219.1
Project("{FAE04EC0-301F-11D3-BF4B-00C04F79EFBC}") = "WinFormsApp4", "WinFormsApp4\WinFormsApp4.csproj", "{3453F010-A68D-4F75-9874-A37050150E74}"
EndProject
Global
	GlobalSection(SolutionConfigurationPlatforms) = preSolution
		Debug|Any CPU = Debug|Any CPU
		Release|Any CPU = Release|Any CPU
	EndGlobalSection
	GlobalSection(ProjectConfigurationPlatforms) = postSolution
		{3453F010-A68D-4F75-9874-A37050150E74}.Debug|Any CPU.ActiveCfg = Debug|Any CPU
		{3453F010-A68D-4F75-9874-A37050150E74}.Debug|Any CPU.Build.0 = Debug|Any CPU
		{3453F010-A68D-4F75-9874-A37050150E74}.Release|Any CPU.ActiveCfg = Release|Any CPU
		{3453F010-A68D-4F75-9874-A37050150E74}.Release|Any CPU.Build.0 = Release|Any CPU
	EndGlobalSection
	GlobalSection(SolutionProperties) = preSolution
		HideSolutionNode = FALSE
	EndGlobalSection
	GlobalSection(ExtensibilityGlobals) = postSolution
		SolutionGuid = {79A0E963-B0BE-4568-8B7D-2DE82EBF4118}
	EndGlobalSection
EndGlobal
